{
  "name": "smartling-mcp-server",
  "version": "3.0.0",
  "lockfileVersion": 3,
  "requires": true,
  "packages": {
    "": {
      "name": "smartling-mcp-server",
      "version": "3.0.0",
      "license": "MIT",
      "bin": {
        "smartling-mcp": "bin/mcp-simple.js",
        "smartling-mcp-server": "bin/mcp-simple.js"
      },
      "engines": {
        "node": ">=18.0.0"
      }
    }
  }
}
